
Microsoft Visual Studio Solution File, Format Version 12.00
# Visual Studio Version 16
VisualStudioVersion = 16.0.31205.134
MinimumVisualStudioVersion = 10.0.40219.1
Project("{9A19103F-16F7-4668-BE54-9A1E7A4F7556}") = "MedicDate.Utility", "MedicDate.Utility\MedicDate.Utility.csproj", "{006E6FE0-49EE-495D-8142-381DF96CFEDC}"
EndProject
Project("{9A19103F-16F7-4668-BE54-9A1E7A4F7556}") = "MedicDate.DataAccess", "MedicDate.DataAccess\MedicDate.DataAccess.csproj", "{C5E220B8-82AA-48FB-AEC5-30131A5C2056}"
EndProject
Project("{9A19103F-16F7-4668-BE54-9A1E7A4F7556}") = "MedicDate.Bussines", "MedicDate.Bussines\MedicDate.Bussines.csproj", "{A07A7EE9-588B-4C39-8AE8-ED806904F591}"
EndProject
Project("{9A19103F-16F7-4668-BE54-9A1E7A4F7556}") = "MedicDate.API", "MedicDate.API\MedicDate.API.csproj", "{A5820AC0-F09C-49A2-A56D-3E06C2F10C8C}"
EndProject
Project("{9A19103F-16F7-4668-BE54-9A1E7A4F7556}") = "MedicDate.Client", "MedicDate.Client\MedicDate.Client.csproj", "{3A55CF4B-1C2E-4662-8AA9-4FCE8F5F9AB6}"
EndProject
Project("{9A19103F-16F7-4668-BE54-9A1E7A4F7556}") = "MedicDate.Models", "MedicDate.Models\MedicDate.Models.csproj", "{8E85DEF1-9F35-4690-B548-CDC9FE77CE3F}"
EndProject
Global
	GlobalSection(SolutionConfigurationPlatforms) = preSolution
		Debug|Any CPU = Debug|Any CPU
		Release|Any CPU = Release|Any CPU
	EndGlobalSection
	GlobalSection(ProjectConfigurationPlatforms) = postSolution
		{006E6FE0-49EE-495D-8142-381DF96CFEDC}.Debug|Any CPU.ActiveCfg = Debug|Any CPU
		{006E6FE0-49EE-495D-8142-381DF96CFEDC}.Debug|Any CPU.Build.0 = Debug|Any CPU
		{006E6FE0-49EE-495D-8142-381DF96CFEDC}.Release|Any CPU.ActiveCfg = Release|Any CPU
		{006E6FE0-49EE-495D-8142-381DF96CFEDC}.Release|Any CPU.Build.0 = Release|Any CPU
		{C5E220B8-82AA-48FB-AEC5-30131A5C2056}.Debug|Any CPU.ActiveCfg = Debug|Any CPU
		{C5E220B8-82AA-48FB-AEC5-30131A5C2056}.Debug|Any CPU.Build.0 = Debug|Any CPU
		{C5E220B8-82AA-48FB-AEC5-30131A5C2056}.Release|Any CPU.ActiveCfg = Release|Any CPU
		{C5E220B8-82AA-48FB-AEC5-30131A5C2056}.Release|Any CPU.Build.0 = Release|Any CPU
		{A07A7EE9-588B-4C39-8AE8-ED806904F591}.Debug|Any CPU.ActiveCfg = Debug|Any CPU
		{A07A7EE9-588B-4C39-8AE8-ED806904F591}.Debug|Any CPU.Build.0 = Debug|Any CPU
		{A07A7EE9-588B-4C39-8AE8-ED806904F591}.Release|Any CPU.ActiveCfg = Release|Any CPU
		{A07A7EE9-588B-4C39-8AE8-ED806904F591}.Release|Any CPU.Build.0 = Release|Any CPU
		{A5820AC0-F09C-49A2-A56D-3E06C2F10C8C}.Debug|Any CPU.ActiveCfg = Debug|Any CPU
		{A5820AC0-F09C-49A2-A56D-3E06C2F10C8C}.Debug|Any CPU.Build.0 = Debug|Any CPU
		{A5820AC0-F09C-49A2-A56D-3E06C2F10C8C}.Release|Any CPU.ActiveCfg = Release|Any CPU
		{A5820AC0-F09C-49A2-A56D-3E06C2F10C8C}.Release|Any CPU.Build.0 = Release|Any CPU
		{3A55CF4B-1C2E-4662-8AA9-4FCE8F5F9AB6}.Debug|Any CPU.ActiveCfg = Debug|Any CPU
		{3A55CF4B-1C2E-4662-8AA9-4FCE8F5F9AB6}.Debug|Any CPU.Build.0 = Debug|Any CPU
		{3A55CF4B-1C2E-4662-8AA9-4FCE8F5F9AB6}.Release|Any CPU.ActiveCfg = Release|Any CPU
		{3A55CF4B-1C2E-4662-8AA9-4FCE8F5F9AB6}.Release|Any CPU.Build.0 = Release|Any CPU
		{8E85DEF1-9F35-4690-B548-CDC9FE77CE3F}.Debug|Any CPU.ActiveCfg = Debug|Any CPU
		{8E85DEF1-9F35-4690-B548-CDC9FE77CE3F}.Debug|Any CPU.Build.0 = Debug|Any CPU
		{8E85DEF1-9F35-4690-B548-CDC9FE77CE3F}.Release|Any CPU.ActiveCfg = Release|Any CPU
		{8E85DEF1-9F35-4690-B548-CDC9FE77CE3F}.Release|Any CPU.Build.0 = Release|Any CPU
	EndGlobalSection
	GlobalSection(SolutionProperties) = preSolution
		HideSolutionNode = FALSE
	EndGlobalSection
	GlobalSection(ExtensibilityGlobals) = postSolution
		SolutionGuid = {3F7ECB58-DC09-411F-B442-C8857F161A3F}
	EndGlobalSection
EndGlobal
