
Microsoft Visual Studio Solution File, Format Version 12.00
# Visual Studio Version 17
VisualStudioVersion = 17.0.31612.314
MinimumVisualStudioVersion = 10.0.40219.1
Project("{2150E333-8FDC-42A3-9474-1A3956D46DE8}") = "src", "src", "{28E7D74B-6BCF-479C-B89B-33280DF388CF}"
EndProject
Project("{2150E333-8FDC-42A3-9474-1A3956D46DE8}") = "test", "test", "{C4E7FFB2-D3A9-4276-8AED-BDB7573B545B}"
EndProject
Project("{9A19103F-16F7-4668-BE54-9A1E7A4F7556}") = "MedicDate.API", "src\MedicDate.API\MedicDate.API.csproj", "{DC094260-B978-46C6-8690-21F1711EB89E}"
EndProject
Project("{9A19103F-16F7-4668-BE54-9A1E7A4F7556}") = "MedicDate.Domain", "src\MedicDate.Domain\MedicDate.Domain.csproj", "{650A5DB7-5985-464E-B179-5869CCE25206}"
EndProject
Project("{9A19103F-16F7-4668-BE54-9A1E7A4F7556}") = "MedicDate.DataAccess", "src\MedicDate.DataAccess\MedicDate.DataAccess.csproj", "{4DDBB9CC-CB37-419F-80B7-3891DE9570EA}"
EndProject
Project("{9A19103F-16F7-4668-BE54-9A1E7A4F7556}") = "MedicDate.Shared.Utility", "src\MedicDate.Shared.Utility\MedicDate.Shared.Utility.csproj", "{42858CC2-836D-469B-AEC2-C7DC42FA81C8}"
EndProject
Project("{9A19103F-16F7-4668-BE54-9A1E7A4F7556}") = "MedicDate.API.IntegrationTest", "test\MedicDate.API.Test\MedicDate.API.IntegrationTest.csproj", "{52A232B8-A3C5-4990-AD23-FF5474115972}"
EndProject
Project("{9A19103F-16F7-4668-BE54-9A1E7A4F7556}") = "MedicDate.DataAccess.IntegrationTest", "test\MedicDate.DataAccess.IntegrationTest\MedicDate.DataAccess.IntegrationTest.csproj", "{FB5C8621-88A4-454C-9754-D53675A67C9B}"
EndProject
Project("{9A19103F-16F7-4668-BE54-9A1E7A4F7556}") = "MedicDate.Test.Shared", "test\MedicDate.Test.Shared\MedicDate.Test.Shared.csproj", "{F219ED04-16E8-4D93-9E9F-87E69417B65C}"
EndProject
Project("{9A19103F-16F7-4668-BE54-9A1E7A4F7556}") = "MedicDate.Shared.Models", "src\MedicDate.Shared.Models\MedicDate.Shared.Models.csproj", "{3964D89B-0F00-47B5-89A8-F5BC637D49F5}"
EndProject
Project("{9A19103F-16F7-4668-BE54-9A1E7A4F7556}") = "MedicDate.Client", "src\MedicDate.Client\MedicDate.Client.csproj", "{7B77C861-AE28-403E-B0A7-DD05648217F1}"
EndProject
Global
	GlobalSection(SolutionConfigurationPlatforms) = preSolution
		Debug|Any CPU = Debug|Any CPU
		Release|Any CPU = Release|Any CPU
	EndGlobalSection
	GlobalSection(ProjectConfigurationPlatforms) = postSolution
		{DC094260-B978-46C6-8690-21F1711EB89E}.Debug|Any CPU.ActiveCfg = Debug|Any CPU
		{DC094260-B978-46C6-8690-21F1711EB89E}.Debug|Any CPU.Build.0 = Debug|Any CPU
		{DC094260-B978-46C6-8690-21F1711EB89E}.Release|Any CPU.ActiveCfg = Release|Any CPU
		{DC094260-B978-46C6-8690-21F1711EB89E}.Release|Any CPU.Build.0 = Release|Any CPU
		{650A5DB7-5985-464E-B179-5869CCE25206}.Debug|Any CPU.ActiveCfg = Debug|Any CPU
		{650A5DB7-5985-464E-B179-5869CCE25206}.Debug|Any CPU.Build.0 = Debug|Any CPU
		{650A5DB7-5985-464E-B179-5869CCE25206}.Release|Any CPU.ActiveCfg = Release|Any CPU
		{650A5DB7-5985-464E-B179-5869CCE25206}.Release|Any CPU.Build.0 = Release|Any CPU
		{4DDBB9CC-CB37-419F-80B7-3891DE9570EA}.Debug|Any CPU.ActiveCfg = Debug|Any CPU
		{4DDBB9CC-CB37-419F-80B7-3891DE9570EA}.Debug|Any CPU.Build.0 = Debug|Any CPU
		{4DDBB9CC-CB37-419F-80B7-3891DE9570EA}.Release|Any CPU.ActiveCfg = Release|Any CPU
		{4DDBB9CC-CB37-419F-80B7-3891DE9570EA}.Release|Any CPU.Build.0 = Release|Any CPU
		{42858CC2-836D-469B-AEC2-C7DC42FA81C8}.Debug|Any CPU.ActiveCfg = Debug|Any CPU
		{42858CC2-836D-469B-AEC2-C7DC42FA81C8}.Debug|Any CPU.Build.0 = Debug|Any CPU
		{42858CC2-836D-469B-AEC2-C7DC42FA81C8}.Release|Any CPU.ActiveCfg = Release|Any CPU
		{42858CC2-836D-469B-AEC2-C7DC42FA81C8}.Release|Any CPU.Build.0 = Release|Any CPU
		{52A232B8-A3C5-4990-AD23-FF5474115972}.Debug|Any CPU.ActiveCfg = Debug|Any CPU
		{52A232B8-A3C5-4990-AD23-FF5474115972}.Debug|Any CPU.Build.0 = Debug|Any CPU
		{52A232B8-A3C5-4990-AD23-FF5474115972}.Release|Any CPU.ActiveCfg = Release|Any CPU
		{52A232B8-A3C5-4990-AD23-FF5474115972}.Release|Any CPU.Build.0 = Release|Any CPU
		{FB5C8621-88A4-454C-9754-D53675A67C9B}.Debug|Any CPU.ActiveCfg = Debug|Any CPU
		{FB5C8621-88A4-454C-9754-D53675A67C9B}.Debug|Any CPU.Build.0 = Debug|Any CPU
		{FB5C8621-88A4-454C-9754-D53675A67C9B}.Release|Any CPU.ActiveCfg = Release|Any CPU
		{FB5C8621-88A4-454C-9754-D53675A67C9B}.Release|Any CPU.Build.0 = Release|Any CPU
		{F219ED04-16E8-4D93-9E9F-87E69417B65C}.Debug|Any CPU.ActiveCfg = Debug|Any CPU
		{F219ED04-16E8-4D93-9E9F-87E69417B65C}.Debug|Any CPU.Build.0 = Debug|Any CPU
		{F219ED04-16E8-4D93-9E9F-87E69417B65C}.Release|Any CPU.ActiveCfg = Release|Any CPU
		{F219ED04-16E8-4D93-9E9F-87E69417B65C}.Release|Any CPU.Build.0 = Release|Any CPU
		{3964D89B-0F00-47B5-89A8-F5BC637D49F5}.Debug|Any CPU.ActiveCfg = Debug|Any CPU
		{3964D89B-0F00-47B5-89A8-F5BC637D49F5}.Debug|Any CPU.Build.0 = Debug|Any CPU
		{3964D89B-0F00-47B5-89A8-F5BC637D49F5}.Release|Any CPU.ActiveCfg = Release|Any CPU
		{3964D89B-0F00-47B5-89A8-F5BC637D49F5}.Release|Any CPU.Build.0 = Release|Any CPU
		{7B77C861-AE28-403E-B0A7-DD05648217F1}.Debug|Any CPU.ActiveCfg = Debug|Any CPU
		{7B77C861-AE28-403E-B0A7-DD05648217F1}.Debug|Any CPU.Build.0 = Debug|Any CPU
		{7B77C861-AE28-403E-B0A7-DD05648217F1}.Release|Any CPU.ActiveCfg = Release|Any CPU
		{7B77C861-AE28-403E-B0A7-DD05648217F1}.Release|Any CPU.Build.0 = Release|Any CPU
	EndGlobalSection
	GlobalSection(SolutionProperties) = preSolution
		HideSolutionNode = FALSE
	EndGlobalSection
	GlobalSection(NestedProjects) = preSolution
		{DC094260-B978-46C6-8690-21F1711EB89E} = {28E7D74B-6BCF-479C-B89B-33280DF388CF}
		{650A5DB7-5985-464E-B179-5869CCE25206} = {28E7D74B-6BCF-479C-B89B-33280DF388CF}
		{4DDBB9CC-CB37-419F-80B7-3891DE9570EA} = {28E7D74B-6BCF-479C-B89B-33280DF388CF}
		{42858CC2-836D-469B-AEC2-C7DC42FA81C8} = {28E7D74B-6BCF-479C-B89B-33280DF388CF}
		{52A232B8-A3C5-4990-AD23-FF5474115972} = {C4E7FFB2-D3A9-4276-8AED-BDB7573B545B}
		{FB5C8621-88A4-454C-9754-D53675A67C9B} = {C4E7FFB2-D3A9-4276-8AED-BDB7573B545B}
		{F219ED04-16E8-4D93-9E9F-87E69417B65C} = {C4E7FFB2-D3A9-4276-8AED-BDB7573B545B}
		{3964D89B-0F00-47B5-89A8-F5BC637D49F5} = {28E7D74B-6BCF-479C-B89B-33280DF388CF}
		{7B77C861-AE28-403E-B0A7-DD05648217F1} = {28E7D74B-6BCF-479C-B89B-33280DF388CF}
	EndGlobalSection
	GlobalSection(ExtensibilityGlobals) = postSolution
		SolutionGuid = {3F7ECB58-DC09-411F-B442-C8857F161A3F}
	EndGlobalSection
EndGlobal
